# THIS IS AN AUTOGENERATED FILE. DO NOT EDIT THIS FILE DIRECTLY.
# yarn lockfile v1


"@react-corekit/use-where@^1.1.2":
  version "1.1.2"
  resolved "https://registry.yarnpkg.com/@react-corekit/use-where/-/use-where-1.1.2.tgz#45d24f00574486b6f6e12ee444af1655b1eba747"
  integrity sha512-CodYkfKG4RnEdkDJJpvycvo6aIlpOq6FJnnDBLL8VtXgdfQsGl6GMBJRIl+qWEhGlrIW9se3zjLpPOuSp5kRRw==
